#MicroXplorer Configuration settings - do not modify
BootLoader.IPs=DDR,RCC
BootROM.IPs=RCC
CortexA7NS.IPs=BSEC,DDR\:I,ETZPC,HSEM\:I,IPCC\:I,PWR,RCC\:I,RTC,TAMP\:I,DMA\:I,GIC,SPI1\:I,I2S1\:I,USB_OTG_HS\:I,USBH_HS1\:I,I2S2\:I,SPI2\:I,SAI1\:I,TIM16\:I,DMA1\:I,DMA2\:I,MDMA_A7NS\:I
CortexA7S.IPs=BSEC\:I,DDR,ETZPC\:I,HSEM,PWR\:I,RCC,RNG1\:I,RTC\:I,GIC\:I,TAMP,MDMA_A7S\:I
CortexM4.IPs=IPCC,ETZPC,FREERTOS\:I,HSEM,PWR,RCC,SYS\:I,DMA,NVIC\:I
DDR.ADDRMAP1=0x00070707
DDR.ADDRMAP3=0x1F000000
DDR.ADDRMAP5=0x06060606
DDR.ADDRMAP6=0x0F0F0606
DDR.CL=6
DDR.CWL=5
DDR.DDR_Frequency=528.0
DDR.DRAMTMG0=0x111B2414
DDR.DRAMTMG1=0x000A041A
DDR.DRAMTMG2=0x0506080E
DDR.DRAMTMG4=0x06040606
DDR.DTPR0=0x34D466D0
DDR.DTPR1=0x098A00D8
DDR.DX0DQTR=0x33333333
DDR.DX1DQTR=0x33333333
DDR.IPParameters=DDR_Frequency,RL,addrmap_col_b9,addrmap_col_b10,addrmap_col_b11,addrmap_bank_b0,addrmap_bank_b1,addrmap_bank_b2,addrmap_row_b0,addrmap_row_b1,addrmap_row_b2_10,addrmap_row_b11,addrmap_row_b12,addrmap_row_b13,addrmap_row_b14,addrmap_row_b15,MSTR,RFSHTMG,SCHED,ADDRMAP1,ADDRMAP3,ADDRMAP5,ADDRMAP6,PTR0,PTR1,PTR2,DTPR1,DX0DQTR,DX1DQTR,SPEED_BIN_GRADE,CL,CWL,WL,DRAMTMG0,DRAMTMG1,DRAMTMG2,DRAMTMG4,DTPR0,MR0,MR2,tRCD,tRP,tRC,wr2pre,t_faw,t_ras_max,t_ras_min,t_xp,t_rd2pre,t_rp,t_rc,write_latency,read_latency,wr2rd,t_rcd,t_cksrx,t_cksre,t_ckesr,t_cke,t_xs_dll_x32,t_xs_x32,t_rfc_nom_x1_x32,t_rfc_min,dfi_t_rddata_en,dfi_tphy_wrlat,tdlllock,tdllsrst,tdinit1,tdinit0,tdinit2,tccd,trc,trrd,tras,trcd,trp,twtr,trtp,tmrd,trfc,tmod,tfaw,tdllk,tcke,txp,txs,MR0.WR,MR0.CL,MR2.RTT,MR2.CWL,data_bus_width
DDR.MR0=0x00000820
DDR.MR0.CL=2
DDR.MR0.WR=4
DDR.MR2=0x00000200
DDR.MR2.CWL=0
DDR.MR2.RTT=1
DDR.MSTR=0x00041401
DDR.PTR0=0x0022A41B
DDR.PTR1=0x047C0740
DDR.PTR2=0x042D9C80
DDR.RFSHTMG=0x0080008A
DDR.RL=6
DDR.SCHED=0x00000C01
DDR.SPEED_BIN_GRADE=SPEED BIN GRADE CONFIG0
DDR.WL=5
DDR.addrmap_bank_b0=7
DDR.addrmap_bank_b1=7
DDR.addrmap_bank_b2=7
DDR.addrmap_col_b10=31
DDR.addrmap_col_b11=31
DDR.addrmap_col_b9=31
DDR.addrmap_row_b0=6
DDR.addrmap_row_b1=6
DDR.addrmap_row_b11=6
DDR.addrmap_row_b12=6
DDR.addrmap_row_b13=6
DDR.addrmap_row_b14=15
DDR.addrmap_row_b15=15
DDR.addrmap_row_b2_10=6
DDR.data_bus_width=1
DDR.dfi_t_rddata_en=4
DDR.dfi_tphy_wrlat=4
DDR.read_latency=6
DDR.tRC=48.75
DDR.tRCD=11.25
DDR.tRP=11.25
DDR.t_cke=3
DDR.t_ckesr=4
DDR.t_cksre=6
DDR.t_cksrx=6
DDR.t_faw=27
DDR.t_ras_max=36
DDR.t_ras_min=20
DDR.t_rc=26
DDR.t_rcd=6
DDR.t_rd2pre=4
DDR.t_rfc_min=138
DDR.t_rfc_nom_x1_x32=128
DDR.t_rp=6
DDR.t_xp=10
DDR.t_xs_dll_x32=16
DDR.t_xs_x32=5
DDR.tccd=0
DDR.tcke=4
DDR.tdinit0=264000
DDR.tdinit1=143
DDR.tdinit2=105600
DDR.tdllk=512
DDR.tdlllock=2704
DDR.tdllsrst=27
DDR.tfaw=27
DDR.tmod=0
DDR.tmrd=0
DDR.tras=20
DDR.trc=26
DDR.trcd=6
DDR.trfc=138
DDR.trp=6
DDR.trrd=6
DDR.trtp=4
DDR.twtr=6
DDR.txp=13
DDR.txs=512
DDR.wr2pre=17
DDR.wr2rd=14
DDR.write_latency=5
DDR_A0.Mode=DDR3
DDR_A0.Signal=DDR_A0
DDR_A1.Mode=DDR3
DDR_A1.Signal=DDR_A1
DDR_A10.Mode=DDR3
DDR_A10.Signal=DDR_A10
DDR_A11.Mode=DDR3
DDR_A11.Signal=DDR_A11
DDR_A12.Mode=2Gb_16bits
DDR_A12.Signal=DDR_A12
DDR_A13.Mode=2Gb_16bits
DDR_A13.Signal=DDR_A13
DDR_A2.Mode=DDR3
DDR_A2.Signal=DDR_A2
DDR_A3.Mode=DDR3
DDR_A3.Signal=DDR_A3
DDR_A4.Mode=DDR3
DDR_A4.Signal=DDR_A4
DDR_A5.Mode=DDR3
DDR_A5.Signal=DDR_A5
DDR_A6.Mode=DDR3
DDR_A6.Signal=DDR_A6
DDR_A7.Mode=DDR3
DDR_A7.Signal=DDR_A7
DDR_A8.Mode=DDR3
DDR_A8.Signal=DDR_A8
DDR_A9.Mode=DDR3
DDR_A9.Signal=DDR_A9
DDR_ATO.Mode=DDR3
DDR_ATO.Signal=DDR_ATO
DDR_BA0.Mode=DDR3
DDR_BA0.Signal=DDR_BA0
DDR_BA1.Mode=DDR3
DDR_BA1.Signal=DDR_BA1
DDR_BA2.Mode=DDR3
DDR_BA2.Signal=DDR_BA2
DDR_CASN.Mode=DDR3
DDR_CASN.Signal=DDR_CASN
DDR_CKE.Mode=DDR3
DDR_CKE.Signal=DDR_CKE
DDR_CLKN.Mode=DDR3
DDR_CLKN.Signal=DDR_CLKN
DDR_CLKP.Mode=DDR3
DDR_CLKP.Signal=DDR_CLKP
DDR_CSN.Mode=DDR3
DDR_CSN.Signal=DDR_CSN
DDR_DQ0.Mode=DDR3
DDR_DQ0.Signal=DDR_DQ0
DDR_DQ1.Mode=DDR3
DDR_DQ1.Signal=DDR_DQ1
DDR_DQ10.Mode=DDR3
DDR_DQ10.Signal=DDR_DQ10
DDR_DQ11.Mode=DDR3
DDR_DQ11.Signal=DDR_DQ11
DDR_DQ12.Mode=DDR3
DDR_DQ12.Signal=DDR_DQ12
DDR_DQ13.Mode=DDR3
DDR_DQ13.Signal=DDR_DQ13
DDR_DQ14.Mode=DDR3
DDR_DQ14.Signal=DDR_DQ14
DDR_DQ15.Mode=DDR3
DDR_DQ15.Signal=DDR_DQ15
DDR_DQ2.Mode=DDR3
DDR_DQ2.Signal=DDR_DQ2
DDR_DQ3.Mode=DDR3
DDR_DQ3.Signal=DDR_DQ3
DDR_DQ4.Mode=DDR3
DDR_DQ4.Signal=DDR_DQ4
DDR_DQ5.Mode=DDR3
DDR_DQ5.Signal=DDR_DQ5
DDR_DQ6.Mode=DDR3
DDR_DQ6.Signal=DDR_DQ6
DDR_DQ7.Mode=DDR3
DDR_DQ7.Signal=DDR_DQ7
DDR_DQ8.Mode=DDR3
DDR_DQ8.Signal=DDR_DQ8
DDR_DQ9.Mode=DDR3
DDR_DQ9.Signal=DDR_DQ9
DDR_DQM0.Mode=DDR3
DDR_DQM0.Signal=DDR_DQM0
DDR_DQM1.Mode=DDR3
DDR_DQM1.Signal=DDR_DQM1
DDR_DQS0N.Mode=DDR3
DDR_DQS0N.Signal=DDR_DQS0N
DDR_DQS0P.Mode=DDR3
DDR_DQS0P.Signal=DDR_DQS0P
DDR_DQS1N.Mode=DDR3
DDR_DQS1N.Signal=DDR_DQS1N
DDR_DQS1P.Mode=DDR3
DDR_DQS1P.Signal=DDR_DQS1P
DDR_DTO0.Mode=DDR3
DDR_DTO0.Signal=DDR_DTO0
DDR_DTO1.Mode=DDR3
DDR_DTO1.Signal=DDR_DTO1
DDR_ODT.Mode=DDR3
DDR_ODT.Signal=DDR_ODT
DDR_RASN.Mode=DDR3
DDR_RASN.Signal=DDR_RASN
DDR_RESETN.Mode=DDR3
DDR_RESETN.Signal=DDR_RESETN
DDR_VREF.Mode=DDR3
DDR_VREF.Signal=DDR_VREF
DDR_WEN.Mode=DDR3
DDR_WEN.Signal=DDR_WEN
DDR_ZQ.Mode=DDR3
DDR_ZQ.Signal=DDR_ZQ
File.Version=6
GIC.OTG_IRQn=true\:false\:High level
GIC.PMUIRQ0_IRQn=true\:false\:High level
GIC.PMUIRQ1_IRQn=true\:false\:High level
GIC.RCC_IRQn=true\:false\:High level
GIC.RTC_WKUP_ALARM_IRQn=true\:false\:High level
GIC.SAI1_IRQn=true\:false\:High level
GIC.SPI1_IRQn=true\:false\:High level
GIC.SPI2_IRQn=true\:false\:High level
GIC.USBH_OHCI_IRQn=true\:false\:High level
I2S2.ErrorAudioFreq=-0.1 %
I2S2.FullDuplexMode=I2S_MODE_MASTER_FD
I2S2.IPParameters=Instance,VirtualMode,FullDuplexMode,RealAudioFreq,ErrorAudioFreq
I2S2.Instance=SPI$Index
I2S2.RealAudioFreq=15.984 KHz
I2S2.VirtualMode=I2S_MODE_SLAVE
KeepUserPlacement=false
Mcu.Context0=BootROM
Mcu.Context1=BootLoader
Mcu.Context2=CortexA7S
Mcu.Context3=CortexA7NS
Mcu.Context4=CortexM4
Mcu.ContextNb=5
Mcu.Family=STM32MP1
Mcu.IP0=BSEC
Mcu.IP1=DDR
Mcu.IP10=SYS
Mcu.IP11=TAMP
Mcu.IP12=TIM16
Mcu.IP13=USBH_HS1
Mcu.IP14=USB_OTG_HS
Mcu.IP2=GIC
Mcu.IP3=HSEM
Mcu.IP4=I2S2
Mcu.IP5=NVIC
Mcu.IP6=RCC
Mcu.IP7=RTC
Mcu.IP8=SAI1
Mcu.IP9=SPI1
Mcu.IPNb=15
Mcu.Name=STM32MP157AABx
Mcu.Package=LFBGA354
Mcu.Pin0=PG15
Mcu.Pin1=PE3
Mcu.Pin10=DDR_DQ7
Mcu.Pin11=DDR_DQS0N
Mcu.Pin12=PB14
Mcu.Pin13=DDR_DQM0
Mcu.Pin14=DDR_DQS0P
Mcu.Pin15=DDR_DQ5
Mcu.Pin16=DDR_DQ2
Mcu.Pin17=DDR_DQ6
Mcu.Pin18=DDR_A7
Mcu.Pin19=DDR_DQ4
Mcu.Pin2=PB3
Mcu.Pin20=DDR_A13
Mcu.Pin21=DDR_ZQ
Mcu.Pin22=DDR_A3
Mcu.Pin23=DDR_RESETN
Mcu.Pin24=DDR_A9
Mcu.Pin25=DDR_A2
Mcu.Pin26=DDR_BA0
Mcu.Pin27=DDR_A5
Mcu.Pin28=DDR_A0
Mcu.Pin29=DDR_ODT
Mcu.Pin3=PB15
Mcu.Pin30=DDR_BA2
Mcu.Pin31=DDR_WEN
Mcu.Pin32=DDR_CSN
Mcu.Pin33=DDR_DTO1
Mcu.Pin34=DDR_CASN
Mcu.Pin35=DDR_DTO0
Mcu.Pin36=DDR_CLKN
Mcu.Pin37=DDR_A12
Mcu.Pin38=DDR_RASN
Mcu.Pin39=DDR_CLKP
Mcu.Pin4=DDR_DQ0
Mcu.Pin40=PH0-OSC_IN
Mcu.Pin41=PH1-OSC_OUT
Mcu.Pin42=DDR_A1
Mcu.Pin43=DDR_A11
Mcu.Pin44=DDR_A10
Mcu.Pin45=DDR_A6
Mcu.Pin46=DDR_BA1
Mcu.Pin47=DDR_ATO
Mcu.Pin48=DDR_A4
Mcu.Pin49=DDR_DQ8
Mcu.Pin5=DDR_DQ1
Mcu.Pin50=DDR_CKE
Mcu.Pin51=DDR_A8
Mcu.Pin52=DDR_DQ10
Mcu.Pin53=PA7
Mcu.Pin54=PB13
Mcu.Pin55=PA10
Mcu.Pin56=DDR_DQ9
Mcu.Pin57=DDR_DQ13
Mcu.Pin58=DDR_DQS1N
Mcu.Pin59=PF8
Mcu.Pin6=PE6
Mcu.Pin60=OTG_VBUS
Mcu.Pin61=DDR_DQM1
Mcu.Pin62=DDR_DQS1P
Mcu.Pin63=PB12
Mcu.Pin64=PF6
Mcu.Pin65=USB_DM2
Mcu.Pin66=USB_DP1
Mcu.Pin67=DDR_DQ14
Mcu.Pin68=DDR_DQ11
Mcu.Pin69=PF9
Mcu.Pin7=PE5
Mcu.Pin70=USB_DP2
Mcu.Pin71=USB_DM1
Mcu.Pin72=DDR_VREF
Mcu.Pin73=DDR_DQ15
Mcu.Pin74=DDR_DQ12
Mcu.Pin75=VP_BSEC_VS_BSEC
Mcu.Pin76=VP_DDR_DDR3
Mcu.Pin77=VP_DDR_DDR_16_bits
Mcu.Pin78=VP_DDR_DDR3_16_2Gb
Mcu.Pin79=VP_HSEM_VS_HSEM
Mcu.Pin8=PB4
Mcu.Pin80=VP_RTC_VS_RTC_Activate
Mcu.Pin81=VP_SYS_VS_Systick
Mcu.Pin82=VP_TAMP_VS_TAMP_Activate
Mcu.Pin83=VP_DMA_VS_DMA1_A7NS
Mcu.Pin84=VP_DMA_VS_DMA2_A7NS
Mcu.Pin85=VP_MDMA_VS_MDMA_A7NS_8
Mcu.Pin9=DDR_DQ3
Mcu.PinsNb=86
Mcu.ThirdPartyNb=0
Mcu.UserConstants=
Mcu.UserName=STM32MP157AABx
MxCube.Version=5.6.1
MxDb.Version=DB.5.0.60
NVIC.BusFault_IRQn=true\:0\:0\:false\:false\:true\:false\:false
NVIC.DebugMonitor_IRQn=true\:0\:0\:false\:false\:true\:false\:false
NVIC.ForceEnableDMAVector=true
NVIC.HardFault_IRQn=true\:0\:0\:false\:false\:true\:false\:false
NVIC.MemoryManagement_IRQn=true\:0\:0\:false\:false\:true\:false\:false
NVIC.NonMaskableInt_IRQn=true\:0\:0\:false\:false\:true\:false\:false
NVIC.PendSV_IRQn=true\:0\:0\:false\:false\:true\:false\:false
NVIC.PriorityGroup=NVIC_PRIORITYGROUP_4
NVIC.SVCall_IRQn=true\:0\:0\:false\:false\:true\:false\:false
NVIC.SysTick_IRQn=true\:0\:0\:false\:false\:true\:false\:true
NVIC.UsageFault_IRQn=true\:0\:0\:false\:false\:true\:false\:false
OTG_VBUS.Mode=Activate_VBUS_FS
OTG_VBUS.Signal=USB_OTG_HS_VBUS
PA10.Mode=External_Phy_Device
PA10.Signal=USB_OTG_HS_ID
PA7.Mode=Full_Duplex_Master
PA7.Signal=SPI1_MOSI
PB12.Mode=Full_Duplex_Slave
PB12.Signal=I2S2_WS
PB13.Mode=Full_Duplex_Slave
PB13.Signal=I2S2_CK
PB14.Mode=Full_Duplex_Slave
PB14.Signal=I2S2_SDI
PB15.Mode=Full_Duplex_Slave
PB15.Signal=I2S2_SDO
PB3.Mode=Full_Duplex_Master
PB3.Signal=SPI1_SCK
PB4.Mode=Full_Duplex_Master
PB4.Signal=SPI1_MISO
PE3.Mode=SAI_B_AsyncSlave
PE3.Signal=SAI1_SD_B
PE5.Mode=SAI_A_AsyncSlave
PE5.Signal=SAI1_SCK_A
PE6.Mode=SAI_A_AsyncSlave
PE6.Signal=SAI1_SD_A
PF6.Signal=S_TIM16_CH1
PF8.Mode=SAI_B_AsyncSlave
PF8.Signal=SAI1_SCK_B
PF9.Mode=SAI_B_AsyncSlave
PF9.Signal=SAI1_FS_B
PG15.Mode=SAI_A_AsyncSlave
PG15.Signal=SAI1_FS_A
PH0-OSC_IN.Mode=HSE-External-Oscillator
PH0-OSC_IN.Signal=RCC_OSC_IN
PH1-OSC_OUT.Mode=HSE-External-Oscillator
PH1-OSC_OUT.Signal=RCC_OSC_OUT
PinOutPanel.CurrentBGAView=Top
PinOutPanel.RotationAngle=0
ProjectManager.AskForMigrate=true
ProjectManager.BackupPrevious=false
ProjectManager.CompilerOptimize=6
ProjectManager.ComputerToolchain=false
ProjectManager.CoupleFile=false
ProjectManager.CustomerFirmwarePackage=
ProjectManager.DefaultFWLocation=true
ProjectManager.DeletePrevious=true
ProjectManager.DeviceId=STM32MP157AABx
ProjectManager.DeviceTreeLocation=C\:\\user\\SVN\\hftrx\\tools\\stm32mp157aab3\\config\\CA7\\DeviceTree\\
ProjectManager.FirmwarePackage=STM32Cube FW_MP1 V1.2.0
ProjectManager.FreePins=false
ProjectManager.HalAssertFull=false
ProjectManager.HeapSize=0x200
ProjectManager.KeepUserCode=true
ProjectManager.LastFirmware=true
ProjectManager.LibraryCopy=0
ProjectManager.MainLocation=Src
ProjectManager.NoMain=false
ProjectManager.PreviousToolchain=
ProjectManager.ProjectBuild=false
ProjectManager.ProjectFileName=config.ioc
ProjectManager.ProjectName=config
ProjectManager.StackSize=0x400
ProjectManager.TargetToolchain=EWARM V8.32
ProjectManager.ToolChainLocation=
ProjectManager.UnderRoot=false
ProjectManager.functionlistsort=1-MX_GPIO_Init-GPIO-false-HAL-true,2-SystemClock_Config-RCC-false-HAL-false
RCC.ADCFreq_Value=200000000
RCC.AHB1234Freq_Value=207000000
RCC.APB1DIV=RCC_APB1_DIV2
RCC.APB1Freq_Value=103500000
RCC.APB2DIV=RCC_APB2_DIV2
RCC.APB2Freq_Value=103500000
RCC.APB3DIV=RCC_APB3_DIV2
RCC.APB3Freq_Value=103500000
RCC.APB4DIV=RCC_APB4_DIV2
RCC.APB4Freq_Value=132000000
RCC.APB5DIV=RCC_APB5_DIV4
RCC.APB5DIVClockFreq_Value=66000000
RCC.AXICLKFreq_VALUE=264000000
RCC.AXICLKSource=RCC_AXISSOURCE_PLL2
RCC.AXIDIVFreq_Value=264000000
RCC.CECFreq_Value=32768
RCC.CKPERCLKFreq_VALUE=64000000
RCC.CSI_VALUE=4000000
RCC.CortexFreq_Value=207000000
RCC.DACCLKFreq_VALUE=32000
RCC.DDRCFreq_Value=528000000
RCC.DDRPERFMFreq_Value=528000000
RCC.DDRPHYFreq_Value=528000000
RCC.DFSDFAFreq_Value=30769230.769230768
RCC.DFSDMFreq_Value=207000000
RCC.DIVM1=2
RCC.DIVM2=2
RCC.DIVM3=4
RCC.DIVM4=4
RCC.DIVN1=54
RCC.DIVN2=44
RCC.DIVN3=69
RCC.DIVP1Freq_Value=648000000
RCC.DIVP2Freq_Value=264000000
RCC.DIVP3Freq_Value=207000000
RCC.DIVP4Freq_Value=200000000
RCC.DIVQ1Freq_Value=324000000
RCC.DIVQ2Freq_Value=264000000
RCC.DIVQ3Freq_Value=207000000
RCC.DIVQ4=13
RCC.DIVQ4Freq_Value=30769230.769230768
RCC.DIVR1Freq_Value=324000000
RCC.DIVR2=1
RCC.DIVR2Freq_Value=528000000
RCC.DIVR3Freq_Value=207000000
RCC.DIVR4Freq_Value=200000000
RCC.DSIFreq_Value=60000000
RCC.DSIPixelFreq_Value=30769230.769230768
RCC.DSITXEscFreq_Value=15000000
RCC.DSI_VALUE=60000000
RCC.ETHFreq_Value=200000000
RCC.FDCANFreq_Value=24000000
RCC.FMCFreq_Value=264000000
RCC.FamilyName=M
RCC.HSE_VALUE=24000000
RCC.HSIDivClkFreq_Value=64000000
RCC.HSI_VALUE=64000000
RCC.Hclk5DIVFreq_Value=264000000
RCC.Hclk6DIVFreq_Value=264000000
RCC.I2C12Freq_Value=103500000
RCC.I2C35Freq_Value=103500000
RCC.I2C46Freq_Value=66000000
RCC.IPParameters=ADCFreq_Value,AHB1234Freq_Value,APB1DIV,APB1Freq_Value,APB2DIV,APB2Freq_Value,APB3DIV,APB3Freq_Value,APB4DIV,APB4Freq_Value,APB5DIV,APB5DIVClockFreq_Value,AXICLKFreq_VALUE,AXICLKSource,AXIDIVFreq_Value,CECFreq_Value,CKPERCLKFreq_VALUE,CSI_VALUE,CortexFreq_Value,DACCLKFreq_VALUE,DDRCFreq_Value,DDRPERFMFreq_Value,DDRPHYFreq_Value,DFSDFAFreq_Value,DFSDMFreq_Value,DIVM1,DIVM2,DIVM3,DIVM4,DIVN1,DIVN2,DIVN3,DIVP1Freq_Value,DIVP2Freq_Value,DIVP3Freq_Value,DIVP4Freq_Value,DIVQ1Freq_Value,DIVQ2Freq_Value,DIVQ3Freq_Value,DIVQ4,DIVQ4Freq_Value,DIVR1Freq_Value,DIVR2,DIVR2Freq_Value,DIVR3Freq_Value,DIVR4Freq_Value,DSIFreq_Value,DSIPixelFreq_Value,DSITXEscFreq_Value,DSI_VALUE,ETHFreq_Value,FDCANFreq_Value,FMCFreq_Value,FamilyName,HSE_VALUE,HSIDivClkFreq_Value,HSI_VALUE,Hclk5DIVFreq_Value,Hclk6DIVFreq_Value,I2C12Freq_Value,I2C35Freq_Value,I2C46Freq_Value,LPTIM1Freq_Value,LPTIM23Freq_Value,LPTIM45Freq_Value,LSE_VALUE,LSI_VALUE,LTDCFreq_Value,MCO1PinFreq_Value,MCO2PinFreq_Value,MCUCLKFreq_VALUE,MCUCLKSource,MCUClockFreq_Value,MCUDIVCLKFreq_Value,MPUCLKFreq_VALUE,MPUCLKSource,PLL12Source,PLL1UserDefinedConfig,PLL3Source,PLL4FRACV,PLL4PDSIFreq_Value,PLLDSIFreq_Value,PLLDSIVCOFreq_Value,PUBLFreq_Value,QSPIFreq_Value,RNG1Freq_Value,RNG2Freq_Value,RTCFreq_Value,SAI1Freq_Value,SAI2Freq_Value,SAI3Freq_Value,SAI4Freq_Value,SDMMC12Freq_Value,SDMMC3Freq_Value,SPDIFRXFreq_Value,SPI1Freq_Value,SPI23Freq_Value,SPI45Freq_Value,SPI6Freq_Value,STGENFreq_Value,Tim1OutputFreq_Value,Tim2OutputFreq_Value,UART78Freq_Value,USART1Freq_Value,USART24Freq_Value,USART35Freq_Value,USART6Freq_Value,USBOCLKSource,USBOHSFreq_Value,USBPHYCLKSource,USBPHYFreq_Value,VCO1OutputFreq_Value,VCO2OutputFreq_Value,VCO3OutputFreq_Value,VCO4OutputFreq_Value,VCOInput1Freq_Value,VCOInput2Freq_Value,VCOInput3Freq_Value,VCOInput4Freq_Value
RCC.LPTIM1Freq_Value=103500000
RCC.LPTIM23Freq_Value=103500000
RCC.LPTIM45Freq_Value=103500000
RCC.LSE_VALUE=32768
RCC.LSI_VALUE=32000
RCC.LTDCFreq_Value=30769230.769230768
RCC.MCO1PinFreq_Value=64000000
RCC.MCO2PinFreq_Value=648000000
RCC.MCUCLKFreq_VALUE=207000000
RCC.MCUCLKSource=RCC_MCUSSOURCE_PLL3
RCC.MCUClockFreq_Value=207000000
RCC.MCUDIVCLKFreq_Value=207000000
RCC.MPUCLKFreq_VALUE=648000000
RCC.MPUCLKSource=RCC_MPUSOURCE_PLL1
RCC.PLL12Source=RCC_PLL12SOURCE_HSE
RCC.PLL1UserDefinedConfig=true
RCC.PLL3Source=RCC_PLL3SOURCE_HSE
RCC.PLL4FRACV=0
RCC.PLL4PDSIFreq_Value=200000000
RCC.PLLDSIFreq_Value=480000000
RCC.PLLDSIVCOFreq_Value=960000000
RCC.PUBLFreq_Value=528000000
RCC.QSPIFreq_Value=264000000
RCC.RNG1Freq_Value=4000000
RCC.RNG2Freq_Value=4000000
RCC.RTCFreq_Value=32000
RCC.SAI1Freq_Value=30769230.769230768
RCC.SAI2Freq_Value=30769230.769230768
RCC.SAI3Freq_Value=30769230.769230768
RCC.SAI4Freq_Value=30769230.769230768
RCC.SDMMC12Freq_Value=264000000
RCC.SDMMC3Freq_Value=207000000
RCC.SPDIFRXFreq_Value=200000000
RCC.SPI1Freq_Value=200000000
RCC.SPI23Freq_Value=200000000
RCC.SPI45Freq_Value=103500000
RCC.SPI6Freq_Value=66000000
RCC.STGENFreq_Value=64000000
RCC.Tim1OutputFreq_Value=207000000
RCC.Tim2OutputFreq_Value=207000000
RCC.UART78Freq_Value=103500000
RCC.USART1Freq_Value=66000000
RCC.USART24Freq_Value=103500000
RCC.USART35Freq_Value=103500000
RCC.USART6Freq_Value=103500000
RCC.USBOCLKSource=RCC_USBOCLKSOURCE_PHY
RCC.USBOHSFreq_Value=48000000
RCC.USBPHYCLKSource=RCC_USBPHYCLKSOURCE_HSE
RCC.USBPHYFreq_Value=24000000
RCC.VCO1OutputFreq_Value=1296000000
RCC.VCO2OutputFreq_Value=1056000000
RCC.VCO3OutputFreq_Value=414000000
RCC.VCO4OutputFreq_Value=400000000
RCC.VCOInput1Freq_Value=12000000
RCC.VCOInput2Freq_Value=12000000
RCC.VCOInput3Freq_Value=6000000
RCC.VCOInput4Freq_Value=16000000
SAI1.IPParameters=Instance-SAI_A_AsyncSlave,VirtualMode-SAI_A_AsyncSlave,Instance-SAI_B_AsyncSlave,VirtualMode-SAI_B_AsyncSlave
SAI1.Instance-SAI_A_AsyncSlave=SAI$Index_Block_A
SAI1.Instance-SAI_B_AsyncSlave=SAI$Index_Block_B
SAI1.VirtualMode-SAI_A_AsyncSlave=VM_SLAVE
SAI1.VirtualMode-SAI_B_AsyncSlave=VM_SLAVE
SH.S_TIM16_CH1.0=TIM16_CH1,PWM Generation1 CH1
SH.S_TIM16_CH1.ConfNb=1
SPI1.CalculateBaudRate=50.0 MBits/s
SPI1.Direction=SPI_DIRECTION_2LINES
SPI1.IPParameters=VirtualType,Mode,Direction,CalculateBaudRate
SPI1.Mode=SPI_MODE_MASTER
SPI1.VirtualType=VM_MASTER
TIM16.Channel=TIM_CHANNEL_1
TIM16.IPParameters=Channel
USB_DM1.Mode=Enable
USB_DM1.Signal=USBH_HS1_DM
USB_DM2.Mode=External_Phy_Device
USB_DM2.Signal=USB_OTG_HS_DM
USB_DP1.Mode=Enable
USB_DP1.Signal=USBH_HS1_DP
USB_DP2.Mode=External_Phy_Device
USB_DP2.Signal=USB_OTG_HS_DP
USB_OTG_HS.IPParameters=VirtualMode
USB_OTG_HS.VirtualMode=Ext_Phy_Device
VP_BSEC_VS_BSEC.Mode=BSEC_Activate
VP_BSEC_VS_BSEC.Signal=BSEC_VS_BSEC
VP_DDR_DDR3.Mode=DDR3
VP_DDR_DDR3.Signal=DDR_DDR3
VP_DDR_DDR3_16_2Gb.Mode=2Gb_16bits
VP_DDR_DDR3_16_2Gb.Signal=DDR_DDR3_16_2Gb
VP_DDR_DDR_16_bits.Mode=16bits
VP_DDR_DDR_16_bits.Signal=DDR_DDR_16_bits
VP_DMA_VS_DMA1_A7NS.Mode=CortexA7NS
VP_DMA_VS_DMA1_A7NS.Signal=DMA_VS_DMA1_A7NS
VP_DMA_VS_DMA2_A7NS.Mode=CortexA7NS
VP_DMA_VS_DMA2_A7NS.Signal=DMA_VS_DMA2_A7NS
VP_HSEM_VS_HSEM.Mode=HSEM_Activate
VP_HSEM_VS_HSEM.Signal=HSEM_VS_HSEM
VP_MDMA_VS_MDMA_A7NS_8.Mode=8\:8
VP_MDMA_VS_MDMA_A7NS_8.Signal=MDMA_VS_MDMA_A7NS_8
VP_RTC_VS_RTC_Activate.Mode=RTC_Enabled
VP_RTC_VS_RTC_Activate.Signal=RTC_VS_RTC_Activate
VP_SYS_VS_Systick.Mode=SysTick
VP_SYS_VS_Systick.Signal=SYS_VS_Systick
VP_TAMP_VS_TAMP_Activate.Mode=TAMP_Enabled
VP_TAMP_VS_TAMP_Activate.Signal=TAMP_VS_TAMP_Activate
board=custom
